// !$*UTF8*$!
{
	archiveVersion = 1;
	classes = {
	};
	objectVersion = 54;
	objects = {

/* Begin PBXBuildFile section */
		8015AF18260128760065A2BF /* Extension.swift in Sources */ = {isa = PBXBuildFile; fileRef = 8015AF17260128760065A2BF /* Extension.swift */; };
		802C8FEE2602675E00A74BD4 /* Category.swift in Sources */ = {isa = PBXBuildFile; fileRef = 802C8FED2602675E00A74BD4 /* Category.swift */; };
		802C8FF52602681500A74BD4 /* Task.swift in Sources */ = {isa = PBXBuildFile; fileRef = 802C8FF42602681500A74BD4 /* Task.swift */; };
		80845FBF25FFA7E300AA4710 /* StorageManager.swift in Sources */ = {isa = PBXBuildFile; fileRef = 80845FBE25FFA7E300AA4710 /* StorageManager.swift */; };
		80CCEDD425FF852B002BF099 /* AppDelegate.swift in Sources */ = {isa = PBXBuildFile; fileRef = 80CCEDD325FF852B002BF099 /* AppDelegate.swift */; };
		80CCEDD625FF852B002BF099 /* SceneDelegate.swift in Sources */ = {isa = PBXBuildFile; fileRef = 80CCEDD525FF852B002BF099 /* SceneDelegate.swift */; };
		80CCEDDB25FF852B002BF099 /* Main.storyboard in Resources */ = {isa = PBXBuildFile; fileRef = 80CCEDD925FF852B002BF099 /* Main.storyboard */; };
		80CCEDDD25FF852E002BF099 /* Assets.xcassets in Resources */ = {isa = PBXBuildFile; fileRef = 80CCEDDC25FF852E002BF099 /* Assets.xcassets */; };
		80CCEDE025FF852E002BF099 /* LaunchScreen.storyboard in Resources */ = {isa = PBXBuildFile; fileRef = 80CCEDDE25FF852E002BF099 /* LaunchScreen.storyboard */; };
		80CCEDED25FF8C07002BF099 /* CategoryTVC.swift in Sources */ = {isa = PBXBuildFile; fileRef = 80CCEDEC25FF8C07002BF099 /* CategoryTVC.swift */; };
		80CCEDF325FF8C59002BF099 /* TasksTVC.swift in Sources */ = {isa = PBXBuildFile; fileRef = 80CCEDF225FF8C59002BF099 /* TasksTVC.swift */; };
		80E739272600AD2200CD7471 /* RealmSwift in Frameworks */ = {isa = PBXBuildFile; productRef = 80E739262600AD2200CD7471 /* RealmSwift */; };
		80E739292600AD2200CD7471 /* Realm in Frameworks */ = {isa = PBXBuildFile; productRef = 80E739282600AD2200CD7471 /* Realm */; };
		80F0E7BB26023DC20089B254 /* CategoryTVCell.swift in Sources */ = {isa = PBXBuildFile; fileRef = 80F0E7BA26023DC20089B254 /* CategoryTVCell.swift */; };
/* End PBXBuildFile section */

/* Begin PBXFileReference section */
		8015AF17260128760065A2BF /* Extension.swift */ = {isa = PBXFileReference; lastKnownFileType = sourcecode.swift; path = Extension.swift; sourceTree = "<group>"; };
		802C8FED2602675E00A74BD4 /* Category.swift */ = {isa = PBXFileReference; lastKnownFileType = sourcecode.swift; path = Category.swift; sourceTree = "<group>"; };
		802C8FF42602681500A74BD4 /* Task.swift */ = {isa = PBXFileReference; lastKnownFileType = sourcecode.swift; path = Task.swift; sourceTree = "<group>"; };
		80845FBE25FFA7E300AA4710 /* StorageManager.swift */ = {isa = PBXFileReference; lastKnownFileType = sourcecode.swift; path = StorageManager.swift; sourceTree = "<group>"; };
		80CCEDD025FF852B002BF099 /* Lesson20.app */ = {isa = PBXFileReference; explicitFileType = wrapper.application; includeInIndex = 0; path = Lesson20.app; sourceTree = BUILT_PRODUCTS_DIR; };
		80CCEDD325FF852B002BF099 /* AppDelegate.swift */ = {isa = PBXFileReference; lastKnownFileType = sourcecode.swift; path = AppDelegate.swift; sourceTree = "<group>"; };
		80CCEDD525FF852B002BF099 /* SceneDelegate.swift */ = {isa = PBXFileReference; lastKnownFileType = sourcecode.swift; path = SceneDelegate.swift; sourceTree = "<group>"; };
		80CCEDDA25FF852B002BF099 /* Base */ = {isa = PBXFileReference; lastKnownFileType = file.storyboard; name = Base; path = Base.lproj/Main.storyboard; sourceTree = "<group>"; };
		80CCEDDC25FF852E002BF099 /* Assets.xcassets */ = {isa = PBXFileReference; lastKnownFileType = folder.assetcatalog; path = Assets.xcassets; sourceTree = "<group>"; };
		80CCEDDF25FF852E002BF099 /* Base */ = {isa = PBXFileReference; lastKnownFileType = file.storyboard; name = Base; path = Base.lproj/LaunchScreen.storyboard; sourceTree = "<group>"; };
		80CCEDE125FF852E002BF099 /* Info.plist */ = {isa = PBXFileReference; lastKnownFileType = text.plist.xml; path = Info.plist; sourceTree = "<group>"; };
		80CCEDEC25FF8C07002BF099 /* CategoryTVC.swift */ = {isa = PBXFileReference; lastKnownFileType = sourcecode.swift; path = CategoryTVC.swift; sourceTree = "<group>"; };
		80CCEDF225FF8C59002BF099 /* TasksTVC.swift */ = {isa = PBXFileReference; lastKnownFileType = sourcecode.swift; path = TasksTVC.swift; sourceTree = "<group>"; };
		80F0E7BA26023DC20089B254 /* CategoryTVCell.swift */ = {isa = PBXFileReference; lastKnownFileType = sourcecode.swift; path = CategoryTVCell.swift; sourceTree = "<group>"; };
/* End PBXFileReference section */

/* Begin PBXFrameworksBuildPhase section */
		80CCEDCD25FF852B002BF099 /* Frameworks */ = {
			isa = PBXFrameworksBuildPhase;
			buildActionMask = 2147483647;
			files = (
				80E739292600AD2200CD7471 /* Realm in Frameworks */,
				80E739272600AD2200CD7471 /* RealmSwift in Frameworks */,
			);
			runOnlyForDeploymentPostprocessing = 0;
		};
/* End PBXFrameworksBuildPhase section */

/* Begin PBXGroup section */
		8015AF152601283E0065A2BF /* Extension */ = {
			isa = PBXGroup;
			children = (
				8015AF17260128760065A2BF /* Extension.swift */,
			);
			path = Extension;
			sourceTree = "<group>";
		};
		80CCEDC725FF852B002BF099 = {
			isa = PBXGroup;
			children = (
				80CCEDD225FF852B002BF099 /* Lesson20 */,
				80CCEDD125FF852B002BF099 /* Products */,
			);
			sourceTree = "<group>";
			usesTabs = 0;
		};
		80CCEDD125FF852B002BF099 /* Products */ = {
			isa = PBXGroup;
			children = (
				80CCEDD025FF852B002BF099 /* Lesson20.app */,
			);
			name = Products;
			sourceTree = "<group>";
		};
		80CCEDD225FF852B002BF099 /* Lesson20 */ = {
			isa = PBXGroup;
			children = (
				80CCEDEF25FF8C16002BF099 /* Model */,
				80CCEDF025FF8C1D002BF099 /* View */,
				80CCEDF125FF8C28002BF099 /* Controller */,
				8015AF152601283E0065A2BF /* Extension */,
				80CCEDE825FF853E002BF099 /* System32 */,
			);
			path = Lesson20;
			sourceTree = "<group>";
		};
		80CCEDE825FF853E002BF099 /* System32 */ = {
			isa = PBXGroup;
			children = (
				80CCEDD325FF852B002BF099 /* AppDelegate.swift */,
				80CCEDD525FF852B002BF099 /* SceneDelegate.swift */,
				80CCEDDC25FF852E002BF099 /* Assets.xcassets */,
				80CCEDDE25FF852E002BF099 /* LaunchScreen.storyboard */,
				80CCEDE125FF852E002BF099 /* Info.plist */,
			);
			path = System32;
			sourceTree = "<group>";
		};
		80CCEDEF25FF8C16002BF099 /* Model */ = {
			isa = PBXGroup;
			children = (
				80845FBE25FFA7E300AA4710 /* StorageManager.swift */,
				802C8FF42602681500A74BD4 /* Task.swift */,
				802C8FED2602675E00A74BD4 /* Category.swift */,
			);
			path = Model;
			sourceTree = "<group>";
		};
		80CCEDF025FF8C1D002BF099 /* View */ = {
			isa = PBXGroup;
			children = (
				80CCEDD925FF852B002BF099 /* Main.storyboard */,
			);
			path = View;
			sourceTree = "<group>";
		};
		80CCEDF125FF8C28002BF099 /* Controller */ = {
			isa = PBXGroup;
			children = (
				80CCEDEC25FF8C07002BF099 /* CategoryTVC.swift */,
				80F0E7BA26023DC20089B254 /* CategoryTVCell.swift */,
				80CCEDF225FF8C59002BF099 /* TasksTVC.swift */,
			);
			path = Controller;
			sourceTree = "<group>";
		};
/* End PBXGroup section */

/* Begin PBXNativeTarget section */
		80CCEDCF25FF852B002BF099 /* Lesson20 */ = {
			isa = PBXNativeTarget;
			buildConfigurationList = 80CCEDE425FF852E002BF099 /* Build configuration list for PBXNativeTarget "Lesson20" */;
			buildPhases = (
				80CCEDCC25FF852B002BF099 /* Sources */,
				80CCEDCD25FF852B002BF099 /* Frameworks */,
				80CCEDCE25FF852B002BF099 /* Resources */,
			);
			buildRules = (
			);
			dependencies = (
			);
			name = Lesson20;
			packageProductDependencies = (
				80E739262600AD2200CD7471 /* RealmSwift */,
				80E739282600AD2200CD7471 /* Realm */,
			);
			productName = Lesson20;
			productReference = 80CCEDD025FF852B002BF099 /* Lesson20.app */;
			productType = "com.apple.product-type.application";
		};
/* End PBXNativeTarget section */

/* Begin PBXProject section */
		80CCEDC825FF852B002BF099 /* Project object */ = {
			isa = PBXProject;
			attributes = {
				LastSwiftUpdateCheck = 1240;
				LastUpgradeCheck = 1240;
				TargetAttributes = {
					80CCEDCF25FF852B002BF099 = {
						CreatedOnToolsVersion = 12.4;
					};
				};
			};
			buildConfigurationList = 80CCEDCB25FF852B002BF099 /* Build configuration list for PBXProject "Lesson20" */;
			compatibilityVersion = "Xcode 12.0";
			developmentRegion = en;
			hasScannedForEncodings = 0;
			knownRegions = (
				en,
				Base,
			);
			mainGroup = 80CCEDC725FF852B002BF099;
			packageReferences = (
				80E739252600AD2200CD7471 /* XCRemoteSwiftPackageReference "realm-cocoa" */,
			);
			productRefGroup = 80CCEDD125FF852B002BF099 /* Products */;
			projectDirPath = "";
			projectRoot = "";
			targets = (
				80CCEDCF25FF852B002BF099 /* Lesson20 */,
			);
		};
/* End PBXProject section */

/* Begin PBXResourcesBuildPhase section */
		80CCEDCE25FF852B002BF099 /* Resources */ = {
			isa = PBXResourcesBuildPhase;
			buildActionMask = 2147483647;
			files = (
				80CCEDE025FF852E002BF099 /* LaunchScreen.storyboard in Resources */,
				80CCEDDD25FF852E002BF099 /* Assets.xcassets in Resources */,
				80CCEDDB25FF852B002BF099 /* Main.storyboard in Resources */,
			);
			runOnlyForDeploymentPostprocessing = 0;
		};
/* End PBXResourcesBuildPhase section */

/* Begin PBXSourcesBuildPhase section */
		80CCEDCC25FF852B002BF099 /* Sources */ = {
			isa = PBXSourcesBuildPhase;
			buildActionMask = 2147483647;
			files = (
				80CCEDF325FF8C59002BF099 /* TasksTVC.swift in Sources */,
				80CCEDD425FF852B002BF099 /* AppDelegate.swift in Sources */,
				80845FBF25FFA7E300AA4710 /* StorageManager.swift in Sources */,
				8015AF18260128760065A2BF /* Extension.swift in Sources */,
				80CCEDED25FF8C07002BF099 /* CategoryTVC.swift in Sources */,
				80CCEDD625FF852B002BF099 /* SceneDelegate.swift in Sources */,
				80F0E7BB26023DC20089B254 /* CategoryTVCell.swift in Sources */,
				802C8FF52602681500A74BD4 /* Task.swift in Sources */,
				802C8FEE2602675E00A74BD4 /* Category.swift in Sources */,
			);
			runOnlyForDeploymentPostprocessing = 0;
		};
/* End PBXSourcesBuildPhase section */

/* Begin PBXVariantGroup section */
		80CCEDD925FF852B002BF099 /* Main.storyboard */ = {
			isa = PBXVariantGroup;
			children = (
				80CCEDDA25FF852B002BF099 /* Base */,
			);
			name = Main.storyboard;
			sourceTree = "<group>";
		};
		80CCEDDE25FF852E002BF099 /* LaunchScreen.storyboard */ = {
			isa = PBXVariantGroup;
			children = (
				80CCEDDF25FF852E002BF099 /* Base */,
			);
			name = LaunchScreen.storyboard;
			sourceTree = "<group>";
		};
/* End PBXVariantGroup section */

/* Begin XCBuildConfiguration section */
		80CCEDE225FF852E002BF099 /* Debug */ = {
			isa = XCBuildConfiguration;
			buildSettings = {
				ALWAYS_SEARCH_USER_PATHS = NO;
				CLANG_ANALYZER_NONNULL = YES;
				CLANG_ANALYZER_NUMBER_OBJECT_CONVERSION = YES_AGGRESSIVE;
				CLANG_CXX_LANGUAGE_STANDARD = "gnu++14";
				CLANG_CXX_LIBRARY = "libc++";
				CLANG_ENABLE_MODULES = YES;
				CLANG_ENABLE_OBJC_ARC = YES;
				CLANG_ENABLE_OBJC_WEAK = YES;
				CLANG_WARN_BLOCK_CAPTURE_AUTORELEASING = YES;
				CLANG_WARN_BOOL_CONVERSION = YES;
				CLANG_WARN_COMMA = YES;
				CLANG_WARN_CONSTANT_CONVERSION = YES;
				CLANG_WARN_DEPRECATED_OBJC_IMPLEMENTATIONS = YES;
				CLANG_WARN_DIRECT_OBJC_ISA_USAGE = YES_ERROR;
				CLANG_WARN_DOCUMENTATION_COMMENTS = YES;
				CLANG_WARN_EMPTY_BODY = YES;
				CLANG_WARN_ENUM_CONVERSION = YES;
				CLANG_WARN_INFINITE_RECURSION = YES;
				CLANG_WARN_INT_CONVERSION = YES;
				CLANG_WARN_NON_LITERAL_NULL_CONVERSION = YES;
				CLANG_WARN_OBJC_IMPLICIT_RETAIN_SELF = YES;
				CLANG_WARN_OBJC_LITERAL_CONVERSION = YES;
				CLANG_WARN_OBJC_ROOT_CLASS = YES_ERROR;
				CLANG_WARN_QUOTED_INCLUDE_IN_FRAMEWORK_HEADER = YES;
				CLANG_WARN_RANGE_LOOP_ANALYSIS = YES;
				CLANG_WARN_STRICT_PROTOTYPES = YES;
				CLANG_WARN_SUSPICIOUS_MOVE = YES;
				CLANG_WARN_UNGUARDED_AVAILABILITY = YES_AGGRESSIVE;
				CLANG_WARN_UNREACHABLE_CODE = YES;
				CLANG_WARN__DUPLICATE_METHOD_MATCH = YES;
				COPY_PHASE_STRIP = NO;
				DEBUG_INFORMATION_FORMAT = dwarf;
				ENABLE_STRICT_OBJC_MSGSEND = YES;
				ENABLE_TESTABILITY = YES;
				GCC_C_LANGUAGE_STANDARD = gnu11;
				GCC_DYNAMIC_NO_PIC = NO;
				GCC_NO_COMMON_BLOCKS = YES;
				GCC_OPTIMIZATION_LEVEL = 0;
				GCC_PREPROCESSOR_DEFINITIONS = (
					"DEBUG=1",
					"$(inherited)",
				);
				GCC_WARN_64_TO_32_BIT_CONVERSION = YES;
				GCC_WARN_ABOUT_RETURN_TYPE = YES_ERROR;
				GCC_WARN_UNDECLARED_SELECTOR = YES;
				GCC_WARN_UNINITIALIZED_AUTOS = YES_AGGRESSIVE;
				GCC_WARN_UNUSED_FUNCTION = YES;
				GCC_WARN_UNUSED_VARIABLE = YES;
				IPHONEOS_DEPLOYMENT_TARGET = 14.4;
				MTL_ENABLE_DEBUG_INFO = INCLUDE_SOURCE;
				MTL_FAST_MATH = YES;
				ONLY_ACTIVE_ARCH = YES;
				SDKROOT = iphoneos;
				SWIFT_ACTIVE_COMPILATION_CONDITIONS = DEBUG;
				SWIFT_OPTIMIZATION_LEVEL = "-Onone";
			};
			name = Debug;
		};
		80CCEDE325FF852E002BF099 /* Release */ = {
			isa = XCBuildConfiguration;
			buildSettings = {
				ALWAYS_SEARCH_USER_PATHS = NO;
				CLANG_ANALYZER_NONNULL = YES;
				CLANG_ANALYZER_NUMBER_OBJECT_CONVERSION = YES_AGGRESSIVE;
				CLANG_CXX_LANGUAGE_STANDARD = "gnu++14";
				CLANG_CXX_LIBRARY = "libc++";
				CLANG_ENABLE_MODULES = YES;
				CLANG_ENABLE_OBJC_ARC = YES;
				CLANG_ENABLE_OBJC_WEAK = YES;
				CLANG_WARN_BLOCK_CAPTURE_AUTORELEASING = YES;
				CLANG_WARN_BOOL_CONVERSION = YES;
				CLANG_WARN_COMMA = YES;
				CLANG_WARN_CONSTANT_CONVERSION = YES;
				CLANG_WARN_DEPRECATED_OBJC_IMPLEMENTATIONS = YES;
				CLANG_WARN_DIRECT_OBJC_ISA_USAGE = YES_ERROR;
				CLANG_WARN_DOCUMENTATION_COMMENTS = YES;
				CLANG_WARN_EMPTY_BODY = YES;
				CLANG_WARN_ENUM_CONVERSION = YES;
				CLANG_WARN_INFINITE_RECURSION = YES;
				CLANG_WARN_INT_CONVERSION = YES;
				CLANG_WARN_NON_LITERAL_NULL_CONVERSION = YES;
				CLANG_WARN_OBJC_IMPLICIT_RETAIN_SELF = YES;
				CLANG_WARN_OBJC_LITERAL_CONVERSION = YES;
				CLANG_WARN_OBJC_ROOT_CLASS = YES_ERROR;
				CLANG_WARN_QUOTED_INCLUDE_IN_FRAMEWORK_HEADER = YES;
				CLANG_WARN_RANGE_LOOP_ANALYSIS = YES;
				CLANG_WARN_STRICT_PROTOTYPES = YES;
				CLANG_WARN_SUSPICIOUS_MOVE = YES;
				CLANG_WARN_UNGUARDED_AVAILABILITY = YES_AGGRESSIVE;
				CLANG_WARN_UNREACHABLE_CODE = YES;
				CLANG_WARN__DUPLICATE_METHOD_MATCH = YES;
				COPY_PHASE_STRIP = NO;
				DEBUG_INFORMATION_FORMAT = "dwarf-with-dsym";
				ENABLE_NS_ASSERTIONS = NO;
				ENABLE_STRICT_OBJC_MSGSEND = YES;
				GCC_C_LANGUAGE_STANDARD = gnu11;
				GCC_NO_COMMON_BLOCKS = YES;
				GCC_WARN_64_TO_32_BIT_CONVERSION = YES;
				GCC_WARN_ABOUT_RETURN_TYPE = YES_ERROR;
				GCC_WARN_UNDECLARED_SELECTOR = YES;
				GCC_WARN_UNINITIALIZED_AUTOS = YES_AGGRESSIVE;
				GCC_WARN_UNUSED_FUNCTION = YES;
				GCC_WARN_UNUSED_VARIABLE = YES;
				IPHONEOS_DEPLOYMENT_TARGET = 14.4;
				MTL_ENABLE_DEBUG_INFO = NO;
				MTL_FAST_MATH = YES;
				SDKROOT = iphoneos;
				SWIFT_COMPILATION_MODE = wholemodule;
				SWIFT_OPTIMIZATION_LEVEL = "-O";
				VALIDATE_PRODUCT = YES;
			};
			name = Release;
		};
		80CCEDE525FF852E002BF099 /* Debug */ = {
			isa = XCBuildConfiguration;
			buildSettings = {
				ASSETCATALOG_COMPILER_APPICON_NAME = AppIcon;
				ASSETCATALOG_COMPILER_GLOBAL_ACCENT_COLOR_NAME = AccentColor;
				CODE_SIGN_STYLE = Automatic;
				CURRENT_PROJECT_VERSION = 803;
				DEVELOPMENT_TEAM = 879U287R5Q;
				INFOPLIST_FILE = "$(SRCROOT)/Lesson20/System32/Info.plist";
				IPHONEOS_DEPLOYMENT_TARGET = 14.4;
				LD_RUNPATH_SEARCH_PATHS = (
					"$(inherited)",
					"@executable_path/Frameworks",
				);
				MARKETING_VERSION = 2.26;
				PRODUCT_BUNDLE_IDENTIFIER = ihValery.Lesson20;
				PRODUCT_NAME = "$(TARGET_NAME)";
				SWIFT_VERSION = 5.0;
				TARGETED_DEVICE_FAMILY = 1;
			};
			name = Debug;
		};
		80CCEDE625FF852E002BF099 /* Release */ = {
			isa = XCBuildConfiguration;
			buildSettings = {
				ASSETCATALOG_COMPILER_APPICON_NAME = AppIcon;
				ASSETCATALOG_COMPILER_GLOBAL_ACCENT_COLOR_NAME = AccentColor;
				CODE_SIGN_STYLE = Automatic;
				CURRENT_PROJECT_VERSION = 803;
				DEVELOPMENT_TEAM = 879U287R5Q;
				INFOPLIST_FILE = "$(SRCROOT)/Lesson20/System32/Info.plist";
				IPHONEOS_DEPLOYMENT_TARGET = 14.4;
				LD_RUNPATH_SEARCH_PATHS = (
					"$(inherited)",
					"@executable_path/Frameworks",
				);
				MARKETING_VERSION = 2.26;
				PRODUCT_BUNDLE_IDENTIFIER = ihValery.Lesson20;
				PRODUCT_NAME = "$(TARGET_NAME)";
				SWIFT_VERSION = 5.0;
				TARGETED_DEVICE_FAMILY = 1;
			};
			name = Release;
		};
/* End XCBuildConfiguration section */

/* Begin XCConfigurationList section */
		80CCEDCB25FF852B002BF099 /* Build configuration list for PBXProject "Lesson20" */ = {
			isa = XCConfigurationList;
			buildConfigurations = (
				80CCEDE225FF852E002BF099 /* Debug */,
				80CCEDE325FF852E002BF099 /* Release */,
			);
			defaultConfigurationIsVisible = 0;
			defaultConfigurationName = Release;
		};
		80CCEDE425FF852E002BF099 /* Build configuration list for PBXNativeTarget "Lesson20" */ = {
			isa = XCConfigurationList;
			buildConfigurations = (
				80CCEDE525FF852E002BF099 /* Debug */,
				80CCEDE625FF852E002BF099 /* Release */,
			);
			defaultConfigurationIsVisible = 0;
			defaultConfigurationName = Release;
		};
/* End XCConfigurationList section */

/* Begin XCRemoteSwiftPackageReference section */
		80E739252600AD2200CD7471 /* XCRemoteSwiftPackageReference "realm-cocoa" */ = {
			isa = XCRemoteSwiftPackageReference;
			repositoryURL = "https://github.com/realm/realm-cocoa.git";
			requirement = {
				kind = upToNextMajorVersion;
				minimumVersion = 10.7.2;
			};
		};
/* End XCRemoteSwiftPackageReference section */

/* Begin XCSwiftPackageProductDependency section */
		80E739262600AD2200CD7471 /* RealmSwift */ = {
			isa = XCSwiftPackageProductDependency;
			package = 80E739252600AD2200CD7471 /* XCRemoteSwiftPackageReference "realm-cocoa" */;
			productName = RealmSwift;
		};
		80E739282600AD2200CD7471 /* Realm */ = {
			isa = XCSwiftPackageProductDependency;
			package = 80E739252600AD2200CD7471 /* XCRemoteSwiftPackageReference "realm-cocoa" */;
			productName = Realm;
		};
/* End XCSwiftPackageProductDependency section */
	};
	rootObject = 80CCEDC825FF852B002BF099 /* Project object */;
}
